
Microsoft Visual Studio Solution File, Format Version 12.00
# Visual Studio Version 17
VisualStudioVersion = 17.4.33213.308
MinimumVisualStudioVersion = 10.0.40219.1
Project("{FAE04EC0-301F-11D3-BF4B-00C04F79EFBC}") = "itogLAB", "itogLAB\itogLAB.csproj", "{ADBA696A-F192-41BB-BE96-9614C71F3219}"
EndProject
Global
	GlobalSection(SolutionConfigurationPlatforms) = preSolution
		Debug|Any CPU = Debug|Any CPU
		Release|Any CPU = Release|Any CPU
	EndGlobalSection
	GlobalSection(ProjectConfigurationPlatforms) = postSolution
		{ADBA696A-F192-41BB-BE96-9614C71F3219}.Debug|Any CPU.ActiveCfg = Debug|Any CPU
		{ADBA696A-F192-41BB-BE96-9614C71F3219}.Debug|Any CPU.Build.0 = Debug|Any CPU
		{ADBA696A-F192-41BB-BE96-9614C71F3219}.Release|Any CPU.ActiveCfg = Release|Any CPU
		{ADBA696A-F192-41BB-BE96-9614C71F3219}.Release|Any CPU.Build.0 = Release|Any CPU
	EndGlobalSection
	GlobalSection(SolutionProperties) = preSolution
		HideSolutionNode = FALSE
	EndGlobalSection
	GlobalSection(ExtensibilityGlobals) = postSolution
		SolutionGuid = {540D056E-F5F0-4B46-89B3-3436653067AB}
	EndGlobalSection
EndGlobal
